// !$*UTF8*$!
{
	archiveVersion = 1;
	classes = {
	};
	objectVersion = 50;
	objects = {

/* Begin PBXBuildFile section */
		96925D9F219DF33E002F1712 /* AppDelegate.swift in Sources */ = {isa = PBXBuildFile; fileRef = 96925D9E219DF33E002F1712 /* AppDelegate.swift */; };
		96925DA1219DF33E002F1712 /* ViewController.swift in Sources */ = {isa = PBXBuildFile; fileRef = 96925DA0219DF33E002F1712 /* ViewController.swift */; };
		96925DA4219DF33E002F1712 /* Main.storyboard in Resources */ = {isa = PBXBuildFile; fileRef = 96925DA2219DF33E002F1712 /* Main.storyboard */; };
		96925DA6219DF33F002F1712 /* Assets.xcassets in Resources */ = {isa = PBXBuildFile; fileRef = 96925DA5219DF33F002F1712 /* Assets.xcassets */; };
		96925DA9219DF33F002F1712 /* LaunchScreen.storyboard in Resources */ = {isa = PBXBuildFile; fileRef = 96925DA7219DF33F002F1712 /* LaunchScreen.storyboard */; };
		96925DB4219DF33F002F1712 /* otro1Tests.swift in Sources */ = {isa = PBXBuildFile; fileRef = 96925DB3219DF33F002F1712 /* otro1Tests.swift */; };
		96925DBF219DF33F002F1712 /* otro1UITests.swift in Sources */ = {isa = PBXBuildFile; fileRef = 96925DBE219DF33F002F1712 /* otro1UITests.swift */; };
/* End PBXBuildFile section */

/* Begin PBXContainerItemProxy section */
		96925DB0219DF33F002F1712 /* PBXContainerItemProxy */ = {
			isa = PBXContainerItemProxy;
			containerPortal = 96925D93219DF33E002F1712 /* Project object */;
			proxyType = 1;
			remoteGlobalIDString = 96925D9A219DF33E002F1712;
			remoteInfo = otro1;
		};
		96925DBB219DF33F002F1712 /* PBXContainerItemProxy */ = {
			isa = PBXContainerItemProxy;
			containerPortal = 96925D93219DF33E002F1712 /* Project object */;
			proxyType = 1;
			remoteGlobalIDString = 96925D9A219DF33E002F1712;
			remoteInfo = otro1;
		};
/* End PBXContainerItemProxy section */

/* Begin PBXFileReference section */
		96925D9B219DF33E002F1712 /* otro1.app */ = {isa = PBXFileReference; explicitFileType = wrapper.application; includeInIndex = 0; path = otro1.app; sourceTree = BUILT_PRODUCTS_DIR; };
		96925D9E219DF33E002F1712 /* AppDelegate.swift */ = {isa = PBXFileReference; lastKnownFileType = sourcecode.swift; path = AppDelegate.swift; sourceTree = "<group>"; };
		96925DA0219DF33E002F1712 /* ViewController.swift */ = {isa = PBXFileReference; lastKnownFileType = sourcecode.swift; path = ViewController.swift; sourceTree = "<group>"; };
		96925DA3219DF33E002F1712 /* Base */ = {isa = PBXFileReference; lastKnownFileType = file.storyboard; name = Base; path = Base.lproj/Main.storyboard; sourceTree = "<group>"; };
		96925DA5219DF33F002F1712 /* Assets.xcassets */ = {isa = PBXFileReference; lastKnownFileType = folder.assetcatalog; path = Assets.xcassets; sourceTree = "<group>"; };
		96925DA8219DF33F002F1712 /* Base */ = {isa = PBXFileReference; lastKnownFileType = file.storyboard; name = Base; path = Base.lproj/LaunchScreen.storyboard; sourceTree = "<group>"; };
		96925DAA219DF33F002F1712 /* Info.plist */ = {isa = PBXFileReference; lastKnownFileType = text.plist.xml; path = Info.plist; sourceTree = "<group>"; };
		96925DAF219DF33F002F1712 /* otro1Tests.xctest */ = {isa = PBXFileReference; explicitFileType = wrapper.cfbundle; includeInIndex = 0; path = otro1Tests.xctest; sourceTree = BUILT_PRODUCTS_DIR; };
		96925DB3219DF33F002F1712 /* otro1Tests.swift */ = {isa = PBXFileReference; lastKnownFileType = sourcecode.swift; path = otro1Tests.swift; sourceTree = "<group>"; };
		96925DB5219DF33F002F1712 /* Info.plist */ = {isa = PBXFileReference; lastKnownFileType = text.plist.xml; path = Info.plist; sourceTree = "<group>"; };
		96925DBA219DF33F002F1712 /* otro1UITests.xctest */ = {isa = PBXFileReference; explicitFileType = wrapper.cfbundle; includeInIndex = 0; path = otro1UITests.xctest; sourceTree = BUILT_PRODUCTS_DIR; };
		96925DBE219DF33F002F1712 /* otro1UITests.swift */ = {isa = PBXFileReference; lastKnownFileType = sourcecode.swift; path = otro1UITests.swift; sourceTree = "<group>"; };
		96925DC0219DF33F002F1712 /* Info.plist */ = {isa = PBXFileReference; lastKnownFileType = text.plist.xml; path = Info.plist; sourceTree = "<group>"; };
/* End PBXFileReference section */

/* Begin PBXFrameworksBuildPhase section */
		96925D98219DF33E002F1712 /* Frameworks */ = {
			isa = PBXFrameworksBuildPhase;
			buildActionMask = 2147483647;
			files = (
			);
			runOnlyForDeploymentPostprocessing = 0;
		};
		96925DAC219DF33F002F1712 /* Frameworks */ = {
			isa = PBXFrameworksBuildPhase;
			buildActionMask = 2147483647;
			files = (
			);
			runOnlyForDeploymentPostprocessing = 0;
		};
		96925DB7219DF33F002F1712 /* Frameworks */ = {
			isa = PBXFrameworksBuildPhase;
			buildActionMask = 2147483647;
			files = (
			);
			runOnlyForDeploymentPostprocessing = 0;
		};
/* End PBXFrameworksBuildPhase section */

/* Begin PBXGroup section */
		96925D92219DF33E002F1712 = {
			isa = PBXGroup;
			children = (
				96925D9D219DF33E002F1712 /* otro1 */,
				96925DB2219DF33F002F1712 /* otro1Tests */,
				96925DBD219DF33F002F1712 /* otro1UITests */,
				96925D9C219DF33E002F1712 /* Products */,
			);
			sourceTree = "<group>";
		};
		96925D9C219DF33E002F1712 /* Products */ = {
			isa = PBXGroup;
			children = (
				96925D9B219DF33E002F1712 /* otro1.app */,
				96925DAF219DF33F002F1712 /* otro1Tests.xctest */,
				96925DBA219DF33F002F1712 /* otro1UITests.xctest */,
			);
			name = Products;
			sourceTree = "<group>";
		};
		96925D9D219DF33E002F1712 /* otro1 */ = {
			isa = PBXGroup;
			children = (
				96925D9E219DF33E002F1712 /* AppDelegate.swift */,
				96925DA0219DF33E002F1712 /* ViewController.swift */,
				96925DA2219DF33E002F1712 /* Main.storyboard */,
				96925DA5219DF33F002F1712 /* Assets.xcassets */,
				96925DA7219DF33F002F1712 /* LaunchScreen.storyboard */,
				96925DAA219DF33F002F1712 /* Info.plist */,
			);
			path = otro1;
			sourceTree = "<group>";
		};
		96925DB2219DF33F002F1712 /* otro1Tests */ = {
			isa = PBXGroup;
			children = (
				96925DB3219DF33F002F1712 /* otro1Tests.swift */,
				96925DB5219DF33F002F1712 /* Info.plist */,
			);
			path = otro1Tests;
			sourceTree = "<group>";
		};
		96925DBD219DF33F002F1712 /* otro1UITests */ = {
			isa = PBXGroup;
			children = (
				96925DBE219DF33F002F1712 /* otro1UITests.swift */,
				96925DC0219DF33F002F1712 /* Info.plist */,
			);
			path = otro1UITests;
			sourceTree = "<group>";
		};
/* End PBXGroup section */

/* Begin PBXNativeTarget section */
		96925D9A219DF33E002F1712 /* otro1 */ = {
			isa = PBXNativeTarget;
			buildConfigurationList = 96925DC3219DF33F002F1712 /* Build configuration list for PBXNativeTarget "otro1" */;
			buildPhases = (
				96925D97219DF33E002F1712 /* Sources */,
				96925D98219DF33E002F1712 /* Frameworks */,
				96925D99219DF33E002F1712 /* Resources */,
			);
			buildRules = (
			);
			dependencies = (
			);
			name = otro1;
			productName = otro1;
			productReference = 96925D9B219DF33E002F1712 /* otro1.app */;
			productType = "com.apple.product-type.application";
		};
		96925DAE219DF33F002F1712 /* otro1Tests */ = {
			isa = PBXNativeTarget;
			buildConfigurationList = 96925DC6219DF33F002F1712 /* Build configuration list for PBXNativeTarget "otro1Tests" */;
			buildPhases = (
				96925DAB219DF33F002F1712 /* Sources */,
				96925DAC219DF33F002F1712 /* Frameworks */,
				96925DAD219DF33F002F1712 /* Resources */,
			);
			buildRules = (
			);
			dependencies = (
				96925DB1219DF33F002F1712 /* PBXTargetDependency */,
			);
			name = otro1Tests;
			productName = otro1Tests;
			productReference = 96925DAF219DF33F002F1712 /* otro1Tests.xctest */;
			productType = "com.apple.product-type.bundle.unit-test";
		};
		96925DB9219DF33F002F1712 /* otro1UITests */ = {
			isa = PBXNativeTarget;
			buildConfigurationList = 96925DC9219DF33F002F1712 /* Build configuration list for PBXNativeTarget "otro1UITests" */;
			buildPhases = (
				96925DB6219DF33F002F1712 /* Sources */,
				96925DB7219DF33F002F1712 /* Frameworks */,
				96925DB8219DF33F002F1712 /* Resources */,
			);
			buildRules = (
			);
			dependencies = (
				96925DBC219DF33F002F1712 /* PBXTargetDependency */,
			);
			name = otro1UITests;
			productName = otro1UITests;
			productReference = 96925DBA219DF33F002F1712 /* otro1UITests.xctest */;
			productType = "com.apple.product-type.bundle.ui-testing";
		};
/* End PBXNativeTarget section */

/* Begin PBXProject section */
		96925D93219DF33E002F1712 /* Project object */ = {
			isa = PBXProject;
			attributes = {
				LastSwiftUpdateCheck = 1010;
				LastUpgradeCheck = 1010;
				ORGANIZATIONNAME = "Christian Fernandez";
				TargetAttributes = {
					96925D9A219DF33E002F1712 = {
						CreatedOnToolsVersion = 10.1;
					};
					96925DAE219DF33F002F1712 = {
						CreatedOnToolsVersion = 10.1;
						TestTargetID = 96925D9A219DF33E002F1712;
					};
					96925DB9219DF33F002F1712 = {
						CreatedOnToolsVersion = 10.1;
						TestTargetID = 96925D9A219DF33E002F1712;
					};
				};
			};
			buildConfigurationList = 96925D96219DF33E002F1712 /* Build configuration list for PBXProject "otro1" */;
			compatibilityVersion = "Xcode 9.3";
			developmentRegion = en;
			hasScannedForEncodings = 0;
			knownRegions = (
				en,
				Base,
			);
			mainGroup = 96925D92219DF33E002F1712;
			productRefGroup = 96925D9C219DF33E002F1712 /* Products */;
			projectDirPath = "";
			projectRoot = "";
			targets = (
				96925D9A219DF33E002F1712 /* otro1 */,
				96925DAE219DF33F002F1712 /* otro1Tests */,
				96925DB9219DF33F002F1712 /* otro1UITests */,
			);
		};
/* End PBXProject section */

/* Begin PBXResourcesBuildPhase section */
		96925D99219DF33E002F1712 /* Resources */ = {
			isa = PBXResourcesBuildPhase;
			buildActionMask = 2147483647;
			files = (
				96925DA9219DF33F002F1712 /* LaunchScreen.storyboard in Resources */,
				96925DA6219DF33F002F1712 /* Assets.xcassets in Resources */,
				96925DA4219DF33E002F1712 /* Main.storyboard in Resources */,
			);
			runOnlyForDeploymentPostprocessing = 0;
		};
		96925DAD219DF33F002F1712 /* Resources */ = {
			isa = PBXResourcesBuildPhase;
			buildActionMask = 2147483647;
			files = (
			);
			runOnlyForDeploymentPostprocessing = 0;
		};
		96925DB8219DF33F002F1712 /* Resources */ = {
			isa = PBXResourcesBuildPhase;
			buildActionMask = 2147483647;
			files = (
			);
			runOnlyForDeploymentPostprocessing = 0;
		};
/* End PBXResourcesBuildPhase section */

/* Begin PBXSourcesBuildPhase section */
		96925D97219DF33E002F1712 /* Sources */ = {
			isa = PBXSourcesBuildPhase;
			buildActionMask = 2147483647;
			files = (
				96925DA1219DF33E002F1712 /* ViewController.swift in Sources */,
				96925D9F219DF33E002F1712 /* AppDelegate.swift in Sources */,
			);
			runOnlyForDeploymentPostprocessing = 0;
		};
		96925DAB219DF33F002F1712 /* Sources */ = {
			isa = PBXSourcesBuildPhase;
			buildActionMask = 2147483647;
			files = (
				96925DB4219DF33F002F1712 /* otro1Tests.swift in Sources */,
			);
			runOnlyForDeploymentPostprocessing = 0;
		};
		96925DB6219DF33F002F1712 /* Sources */ = {
			isa = PBXSourcesBuildPhase;
			buildActionMask = 2147483647;
			files = (
				96925DBF219DF33F002F1712 /* otro1UITests.swift in Sources */,
			);
			runOnlyForDeploymentPostprocessing = 0;
		};
/* End PBXSourcesBuildPhase section */

/* Begin PBXTargetDependency section */
		96925DB1219DF33F002F1712 /* PBXTargetDependency */ = {
			isa = PBXTargetDependency;
			target = 96925D9A219DF33E002F1712 /* otro1 */;
			targetProxy = 96925DB0219DF33F002F1712 /* PBXContainerItemProxy */;
		};
		96925DBC219DF33F002F1712 /* PBXTargetDependency */ = {
			isa = PBXTargetDependency;
			target = 96925D9A219DF33E002F1712 /* otro1 */;
			targetProxy = 96925DBB219DF33F002F1712 /* PBXContainerItemProxy */;
		};
/* End PBXTargetDependency section */

/* Begin PBXVariantGroup section */
		96925DA2219DF33E002F1712 /* Main.storyboard */ = {
			isa = PBXVariantGroup;
			children = (
				96925DA3219DF33E002F1712 /* Base */,
			);
			name = Main.storyboard;
			sourceTree = "<group>";
		};
		96925DA7219DF33F002F1712 /* LaunchScreen.storyboard */ = {
			isa = PBXVariantGroup;
			children = (
				96925DA8219DF33F002F1712 /* Base */,
			);
			name = LaunchScreen.storyboard;
			sourceTree = "<group>";
		};
/* End PBXVariantGroup section */

/* Begin XCBuildConfiguration section */
		96925DC1219DF33F002F1712 /* Debug */ = {
			isa = XCBuildConfiguration;
			buildSettings = {
				ALWAYS_SEARCH_USER_PATHS = NO;
				CLANG_ANALYZER_NONNULL = YES;
				CLANG_ANALYZER_NUMBER_OBJECT_CONVERSION = YES_AGGRESSIVE;
				CLANG_CXX_LANGUAGE_STANDARD = "gnu++14";
				CLANG_CXX_LIBRARY = "libc++";
				CLANG_ENABLE_MODULES = YES;
				CLANG_ENABLE_OBJC_ARC = YES;
				CLANG_ENABLE_OBJC_WEAK = YES;
				CLANG_WARN_BLOCK_CAPTURE_AUTORELEASING = YES;
				CLANG_WARN_BOOL_CONVERSION = YES;
				CLANG_WARN_COMMA = YES;
				CLANG_WARN_CONSTANT_CONVERSION = YES;
				CLANG_WARN_DEPRECATED_OBJC_IMPLEMENTATIONS = YES;
				CLANG_WARN_DIRECT_OBJC_ISA_USAGE = YES_ERROR;
				CLANG_WARN_DOCUMENTATION_COMMENTS = YES;
				CLANG_WARN_EMPTY_BODY = YES;
				CLANG_WARN_ENUM_CONVERSION = YES;
				CLANG_WARN_INFINITE_RECURSION = YES;
				CLANG_WARN_INT_CONVERSION = YES;
				CLANG_WARN_NON_LITERAL_NULL_CONVERSION = YES;
				CLANG_WARN_OBJC_IMPLICIT_RETAIN_SELF = YES;
				CLANG_WARN_OBJC_LITERAL_CONVERSION = YES;
				CLANG_WARN_OBJC_ROOT_CLASS = YES_ERROR;
				CLANG_WARN_RANGE_LOOP_ANALYSIS = YES;
				CLANG_WARN_STRICT_PROTOTYPES = YES;
				CLANG_WARN_SUSPICIOUS_MOVE = YES;
				CLANG_WARN_UNGUARDED_AVAILABILITY = YES_AGGRESSIVE;
				CLANG_WARN_UNREACHABLE_CODE = YES;
				CLANG_WARN__DUPLICATE_METHOD_MATCH = YES;
				CODE_SIGN_IDENTITY = "iPhone Developer";
				COPY_PHASE_STRIP = NO;
				DEBUG_INFORMATION_FORMAT = dwarf;
				ENABLE_STRICT_OBJC_MSGSEND = YES;
				ENABLE_TESTABILITY = YES;
				GCC_C_LANGUAGE_STANDARD = gnu11;
				GCC_DYNAMIC_NO_PIC = NO;
				GCC_NO_COMMON_BLOCKS = YES;
				GCC_OPTIMIZATION_LEVEL = 0;
				GCC_PREPROCESSOR_DEFINITIONS = (
					"DEBUG=1",
					"$(inherited)",
				);
				GCC_WARN_64_TO_32_BIT_CONVERSION = YES;
				GCC_WARN_ABOUT_RETURN_TYPE = YES_ERROR;
				GCC_WARN_UNDECLARED_SELECTOR = YES;
				GCC_WARN_UNINITIALIZED_AUTOS = YES_AGGRESSIVE;
				GCC_WARN_UNUSED_FUNCTION = YES;
				GCC_WARN_UNUSED_VARIABLE = YES;
				IPHONEOS_DEPLOYMENT_TARGET = 12.1;
				MTL_ENABLE_DEBUG_INFO = INCLUDE_SOURCE;
				MTL_FAST_MATH = YES;
				ONLY_ACTIVE_ARCH = YES;
				SDKROOT = iphoneos;
				SWIFT_ACTIVE_COMPILATION_CONDITIONS = DEBUG;
				SWIFT_OPTIMIZATION_LEVEL = "-Onone";
			};
			name = Debug;
		};
		96925DC2219DF33F002F1712 /* Release */ = {
			isa = XCBuildConfiguration;
			buildSettings = {
				ALWAYS_SEARCH_USER_PATHS = NO;
				CLANG_ANALYZER_NONNULL = YES;
				CLANG_ANALYZER_NUMBER_OBJECT_CONVERSION = YES_AGGRESSIVE;
				CLANG_CXX_LANGUAGE_STANDARD = "gnu++14";
				CLANG_CXX_LIBRARY = "libc++";
				CLANG_ENABLE_MODULES = YES;
				CLANG_ENABLE_OBJC_ARC = YES;
				CLANG_ENABLE_OBJC_WEAK = YES;
				CLANG_WARN_BLOCK_CAPTURE_AUTORELEASING = YES;
				CLANG_WARN_BOOL_CONVERSION = YES;
				CLANG_WARN_COMMA = YES;
				CLANG_WARN_CONSTANT_CONVERSION = YES;
				CLANG_WARN_DEPRECATED_OBJC_IMPLEMENTATIONS = YES;
				CLANG_WARN_DIRECT_OBJC_ISA_USAGE = YES_ERROR;
				CLANG_WARN_DOCUMENTATION_COMMENTS = YES;
				CLANG_WARN_EMPTY_BODY = YES;
				CLANG_WARN_ENUM_CONVERSION = YES;
				CLANG_WARN_INFINITE_RECURSION = YES;
				CLANG_WARN_INT_CONVERSION = YES;
				CLANG_WARN_NON_LITERAL_NULL_CONVERSION = YES;
				CLANG_WARN_OBJC_IMPLICIT_RETAIN_SELF = YES;
				CLANG_WARN_OBJC_LITERAL_CONVERSION = YES;
				CLANG_WARN_OBJC_ROOT_CLASS = YES_ERROR;
				CLANG_WARN_RANGE_LOOP_ANALYSIS = YES;
				CLANG_WARN_STRICT_PROTOTYPES = YES;
				CLANG_WARN_SUSPICIOUS_MOVE = YES;
				CLANG_WARN_UNGUARDED_AVAILABILITY = YES_AGGRESSIVE;
				CLANG_WARN_UNREACHABLE_CODE = YES;
				CLANG_WARN__DUPLICATE_METHOD_MATCH = YES;
				CODE_SIGN_IDENTITY = "iPhone Developer";
				COPY_PHASE_STRIP = NO;
				DEBUG_INFORMATION_FORMAT = "dwarf-with-dsym";
				ENABLE_NS_ASSERTIONS = NO;
				ENABLE_STRICT_OBJC_MSGSEND = YES;
				GCC_C_LANGUAGE_STANDARD = gnu11;
				GCC_NO_COMMON_BLOCKS = YES;
				GCC_WARN_64_TO_32_BIT_CONVERSION = YES;
				GCC_WARN_ABOUT_RETURN_TYPE = YES_ERROR;
				GCC_WARN_UNDECLARED_SELECTOR = YES;
				GCC_WARN_UNINITIALIZED_AUTOS = YES_AGGRESSIVE;
				GCC_WARN_UNUSED_FUNCTION = YES;
				GCC_WARN_UNUSED_VARIABLE = YES;
				IPHONEOS_DEPLOYMENT_TARGET = 12.1;
				MTL_ENABLE_DEBUG_INFO = NO;
				MTL_FAST_MATH = YES;
				SDKROOT = iphoneos;
				SWIFT_COMPILATION_MODE = wholemodule;
				SWIFT_OPTIMIZATION_LEVEL = "-O";
				VALIDATE_PRODUCT = YES;
			};
			name = Release;
		};
		96925DC4219DF33F002F1712 /* Debug */ = {
			isa = XCBuildConfiguration;
			buildSettings = {
				ASSETCATALOG_COMPILER_APPICON_NAME = AppIcon;
				CODE_SIGN_STYLE = Automatic;
				DEVELOPMENT_TEAM = 7C293FPNKP;
				INFOPLIST_FILE = otro1/Info.plist;
				LD_RUNPATH_SEARCH_PATHS = (
					"$(inherited)",
					"@executable_path/Frameworks",
				);
				PRODUCT_BUNDLE_IDENTIFIER = alis.otro1;
				PRODUCT_NAME = "$(TARGET_NAME)";
				SWIFT_VERSION = 4.2;
				TARGETED_DEVICE_FAMILY = "1,2";
			};
			name = Debug;
		};
		96925DC5219DF33F002F1712 /* Release */ = {
			isa = XCBuildConfiguration;
			buildSettings = {
				ASSETCATALOG_COMPILER_APPICON_NAME = AppIcon;
				CODE_SIGN_STYLE = Automatic;
				DEVELOPMENT_TEAM = 7C293FPNKP;
				INFOPLIST_FILE = otro1/Info.plist;
				LD_RUNPATH_SEARCH_PATHS = (
					"$(inherited)",
					"@executable_path/Frameworks",
				);
				PRODUCT_BUNDLE_IDENTIFIER = alis.otro1;
				PRODUCT_NAME = "$(TARGET_NAME)";
				SWIFT_VERSION = 4.2;
				TARGETED_DEVICE_FAMILY = "1,2";
			};
			name = Release;
		};
		96925DC7219DF33F002F1712 /* Debug */ = {
			isa = XCBuildConfiguration;
			buildSettings = {
				ALWAYS_EMBED_SWIFT_STANDARD_LIBRARIES = YES;
				BUNDLE_LOADER = "$(TEST_HOST)";
				CODE_SIGN_STYLE = Automatic;
				DEVELOPMENT_TEAM = 7C293FPNKP;
				INFOPLIST_FILE = otro1Tests/Info.plist;
				LD_RUNPATH_SEARCH_PATHS = (
					"$(inherited)",
					"@executable_path/Frameworks",
					"@loader_path/Frameworks",
				);
				PRODUCT_BUNDLE_IDENTIFIER = alis.otro1Tests;
				PRODUCT_NAME = "$(TARGET_NAME)";
				SWIFT_VERSION = 4.2;
				TARGETED_DEVICE_FAMILY = "1,2";
				TEST_HOST = "$(BUILT_PRODUCTS_DIR)/otro1.app/otro1";
			};
			name = Debug;
		};
		96925DC8219DF33F002F1712 /* Release */ = {
			isa = XCBuildConfiguration;
			buildSettings = {
				ALWAYS_EMBED_SWIFT_STANDARD_LIBRARIES = YES;
				BUNDLE_LOADER = "$(TEST_HOST)";
				CODE_SIGN_STYLE = Automatic;
				DEVELOPMENT_TEAM = 7C293FPNKP;
				INFOPLIST_FILE = otro1Tests/Info.plist;
				LD_RUNPATH_SEARCH_PATHS = (
					"$(inherited)",
					"@executable_path/Frameworks",
					"@loader_path/Frameworks",
				);
				PRODUCT_BUNDLE_IDENTIFIER = alis.otro1Tests;
				PRODUCT_NAME = "$(TARGET_NAME)";
				SWIFT_VERSION = 4.2;
				TARGETED_DEVICE_FAMILY = "1,2";
				TEST_HOST = "$(BUILT_PRODUCTS_DIR)/otro1.app/otro1";
			};
			name = Release;
		};
		96925DCA219DF33F002F1712 /* Debug */ = {
			isa = XCBuildConfiguration;
			buildSettings = {
				ALWAYS_EMBED_SWIFT_STANDARD_LIBRARIES = YES;
				CODE_SIGN_STYLE = Automatic;
				DEVELOPMENT_TEAM = 7C293FPNKP;
				INFOPLIST_FILE = otro1UITests/Info.plist;
				LD_RUNPATH_SEARCH_PATHS = (
					"$(inherited)",
					"@executable_path/Frameworks",
					"@loader_path/Frameworks",
				);
				PRODUCT_BUNDLE_IDENTIFIER = alis.otro1UITests;
				PRODUCT_NAME = "$(TARGET_NAME)";
				SWIFT_VERSION = 4.2;
				TARGETED_DEVICE_FAMILY = "1,2";
				TEST_TARGET_NAME = otro1;
			};
			name = Debug;
		};
		96925DCB219DF33F002F1712 /* Release */ = {
			isa = XCBuildConfiguration;
			buildSettings = {
				ALWAYS_EMBED_SWIFT_STANDARD_LIBRARIES = YES;
				CODE_SIGN_STYLE = Automatic;
				DEVELOPMENT_TEAM = 7C293FPNKP;
				INFOPLIST_FILE = otro1UITests/Info.plist;
				LD_RUNPATH_SEARCH_PATHS = (
					"$(inherited)",
					"@executable_path/Frameworks",
					"@loader_path/Frameworks",
				);
				PRODUCT_BUNDLE_IDENTIFIER = alis.otro1UITests;
				PRODUCT_NAME = "$(TARGET_NAME)";
				SWIFT_VERSION = 4.2;
				TARGETED_DEVICE_FAMILY = "1,2";
				TEST_TARGET_NAME = otro1;
			};
			name = Release;
		};
/* End XCBuildConfiguration section */

/* Begin XCConfigurationList section */
		96925D96219DF33E002F1712 /* Build configuration list for PBXProject "otro1" */ = {
			isa = XCConfigurationList;
			buildConfigurations = (
				96925DC1219DF33F002F1712 /* Debug */,
				96925DC2219DF33F002F1712 /* Release */,
			);
			defaultConfigurationIsVisible = 0;
			defaultConfigurationName = Release;
		};
		96925DC3219DF33F002F1712 /* Build configuration list for PBXNativeTarget "otro1" */ = {
			isa = XCConfigurationList;
			buildConfigurations = (
				96925DC4219DF33F002F1712 /* Debug */,
				96925DC5219DF33F002F1712 /* Release */,
			);
			defaultConfigurationIsVisible = 0;
			defaultConfigurationName = Release;
		};
		96925DC6219DF33F002F1712 /* Build configuration list for PBXNativeTarget "otro1Tests" */ = {
			isa = XCConfigurationList;
			buildConfigurations = (
				96925DC7219DF33F002F1712 /* Debug */,
				96925DC8219DF33F002F1712 /* Release */,
			);
			defaultConfigurationIsVisible = 0;
			defaultConfigurationName = Release;
		};
		96925DC9219DF33F002F1712 /* Build configuration list for PBXNativeTarget "otro1UITests" */ = {
			isa = XCConfigurationList;
			buildConfigurations = (
				96925DCA219DF33F002F1712 /* Debug */,
				96925DCB219DF33F002F1712 /* Release */,
			);
			defaultConfigurationIsVisible = 0;
			defaultConfigurationName = Release;
		};
/* End XCConfigurationList section */
	};
	rootObject = 96925D93219DF33E002F1712 /* Project object */;
}
